
Microsoft Visual Studio Solution File, Format Version 12.00
# Visual Studio Version 17
VisualStudioVersion = 17.7.34202.233
MinimumVisualStudioVersion = 10.0.40219.1
Project("{FAE04EC0-301F-11D3-BF4B-00C04F79EFBC}") = "Week5HW", "Week5HW\Week5HW.csproj", "{2C7C648E-4D48-4A53-9AF8-5A661F0E3398}"
EndProject
Global
	GlobalSection(SolutionConfigurationPlatforms) = preSolution
		Debug|Any CPU = Debug|Any CPU
		Release|Any CPU = Release|Any CPU
	EndGlobalSection
	GlobalSection(ProjectConfigurationPlatforms) = postSolution
		{2C7C648E-4D48-4A53-9AF8-5A661F0E3398}.Debug|Any CPU.ActiveCfg = Debug|Any CPU
		{2C7C648E-4D48-4A53-9AF8-5A661F0E3398}.Debug|Any CPU.Build.0 = Debug|Any CPU
		{2C7C648E-4D48-4A53-9AF8-5A661F0E3398}.Release|Any CPU.ActiveCfg = Release|Any CPU
		{2C7C648E-4D48-4A53-9AF8-5A661F0E3398}.Release|Any CPU.Build.0 = Release|Any CPU
	EndGlobalSection
	GlobalSection(SolutionProperties) = preSolution
		HideSolutionNode = FALSE
	EndGlobalSection
	GlobalSection(ExtensibilityGlobals) = postSolution
		SolutionGuid = {C2CB3191-2F8B-45A9-B166-110A28AD445D}
	EndGlobalSection
EndGlobal
